Microsoft Visual Studio Solution File, Format Version 12.00
# Visual Studio Version 17
VisualStudioVersion = 17.5.2.0
MinimumVisualStudioVersion = 10.0.40219.1
Project("{FAE04EC0-301F-11D3-BF4B-00C04F79EFBC}") = "halights", "halights\halights.csproj", "{5F7E1727-BBEE-2369-4EA1-357E3C27EA71}"
EndProject
Project("{FAE04EC0-301F-11D3-BF4B-00C04F79EFBC}") = "hathermostat", "hathermostat\hathermostat.csproj", "{34E24FEC-1701-4976-98DC-08A5DE839C37}"
EndProject
Global
	GlobalSection(SolutionConfigurationPlatforms) = preSolution
		Debug|Any CPU = Debug|Any CPU
		Release|Any CPU = Release|Any CPU
	EndGlobalSection
	GlobalSection(ProjectConfigurationPlatforms) = postSolution
		{5F7E1727-BBEE-2369-4EA1-357E3C27EA71}.Debug|Any CPU.ActiveCfg = Debug|Any CPU
		{5F7E1727-BBEE-2369-4EA1-357E3C27EA71}.Debug|Any CPU.Build.0 = Debug|Any CPU
		{5F7E1727-BBEE-2369-4EA1-357E3C27EA71}.Release|Any CPU.ActiveCfg = Release|Any CPU
		{5F7E1727-BBEE-2369-4EA1-357E3C27EA71}.Release|Any CPU.Build.0 = Release|Any CPU
		{34E24FEC-1701-4976-98DC-08A5DE839C37}.Debug|Any CPU.ActiveCfg = Debug|Any CPU
		{34E24FEC-1701-4976-98DC-08A5DE839C37}.Debug|Any CPU.Build.0 = Debug|Any CPU
		{34E24FEC-1701-4976-98DC-08A5DE839C37}.Release|Any CPU.ActiveCfg = Release|Any CPU
		{34E24FEC-1701-4976-98DC-08A5DE839C37}.Release|Any CPU.Build.0 = Release|Any CPU
	EndGlobalSection
	GlobalSection(SolutionProperties) = preSolution
		HideSolutionNode = FALSE
	EndGlobalSection
	GlobalSection(ExtensibilityGlobals) = postSolution
		SolutionGuid = {DE95D599-A4EE-4B85-A897-AF0C4FCE31FE}
	EndGlobalSection
EndGlobal
